
Microsoft Visual Studio Solution File, Format Version 12.00
# Visual Studio Version 16
VisualStudioVersion = 16.0.31605.320
MinimumVisualStudioVersion = 10.0.40219.1
Project("{FAE04EC0-301F-11D3-BF4B-00C04F79EFBC}") = "TiendaRopaWindowsForms", "TiendaRopaWindowsForms\TiendaRopaWindowsForms.csproj", "{26E2A79F-C8B9-43EC-A5C7-9FADC059F285}"
EndProject
Global
	GlobalSection(SolutionConfigurationPlatforms) = preSolution
		Debug|Any CPU = Debug|Any CPU
		Release|Any CPU = Release|Any CPU
	EndGlobalSection
	GlobalSection(ProjectConfigurationPlatforms) = postSolution
		{26E2A79F-C8B9-43EC-A5C7-9FADC059F285}.Debug|Any CPU.ActiveCfg = Debug|Any CPU
		{26E2A79F-C8B9-43EC-A5C7-9FADC059F285}.Debug|Any CPU.Build.0 = Debug|Any CPU
		{26E2A79F-C8B9-43EC-A5C7-9FADC059F285}.Release|Any CPU.ActiveCfg = Release|Any CPU
		{26E2A79F-C8B9-43EC-A5C7-9FADC059F285}.Release|Any CPU.Build.0 = Release|Any CPU
	EndGlobalSection
	GlobalSection(SolutionProperties) = preSolution
		HideSolutionNode = FALSE
	EndGlobalSection
	GlobalSection(ExtensibilityGlobals) = postSolution
		SolutionGuid = {F85B8220-A162-4FEA-B57A-C3B5CF665FF3}
	EndGlobalSection
EndGlobal
